{
  "name": "flask_src",
  "lockfileVersion": 3,
  "requires": true,
  "packages": {
    "": {
      "dependencies": {
        "jstree": "^3.3.17"
      }
    },
    "node_modules/jquery": {
      "version": "3.7.1",
      "resolved": "https://registry.npmjs.org/jquery/-/jquery-3.7.1.tgz",
      "integrity": "sha512-m4avr8yL8kmFN8psrbFFFmB/If14iN5o9nw/NgnnM+kybDJpRsAynV2BsfpTYrTRysYUdADVD7CkUUizgkpLfg==",
      "license": "MIT"
    },
    "node_modules/jstree": {
      "version": "3.3.17",
      "resolved": "https://registry.npmjs.org/jstree/-/jstree-3.3.17.tgz",
      "integrity": "sha512-V0Pl1B6BIaxHUQMiWkol37QlhlBKoZA9RUeUmm95+UnV2QeZsj2QP1sOQl/m2EIOyZXOOxOHvR0SYZLSDC7EFw==",
      "license": "MIT",
      "dependencies": {
        "jquery": "^3.5.0"
      }
    }
  }
}
